
Microsoft Visual Studio Solution File, Format Version 12.00
Project("{FAE04EC0-301F-11D3-BF4B-00C04F79EFBC}") = "PocketGuardian.TransactionManagementService.Domain", "PocketGuardian.TransactionManagementService.Domain\PocketGuardian.TransactionManagementService.Domain.csproj", "{76960C71-5D39-4A0D-A553-828E5412DA8F}"
EndProject
Global
	GlobalSection(SolutionConfigurationPlatforms) = preSolution
		Debug|Any CPU = Debug|Any CPU
		Release|Any CPU = Release|Any CPU
	EndGlobalSection
	GlobalSection(ProjectConfigurationPlatforms) = postSolution
		{76960C71-5D39-4A0D-A553-828E5412DA8F}.Debug|Any CPU.ActiveCfg = Debug|Any CPU
		{76960C71-5D39-4A0D-A553-828E5412DA8F}.Debug|Any CPU.Build.0 = Debug|Any CPU
		{76960C71-5D39-4A0D-A553-828E5412DA8F}.Release|Any CPU.ActiveCfg = Release|Any CPU
		{76960C71-5D39-4A0D-A553-828E5412DA8F}.Release|Any CPU.Build.0 = Release|Any CPU
	EndGlobalSection
EndGlobal
